
Microsoft Visual Studio Solution File, Format Version 11.00
# Visual Studio 2010
Project("{FAE04EC0-301F-11D3-BF4B-00C04F79EFBC}") = "MvcApplication2", "MvcApplication2\MvcApplication2.csproj", "{5FAE24A1-8995-49BD-9202-46F9A1CB2107}"
EndProject
Project("{FAE04EC0-301F-11D3-BF4B-00C04F79EFBC}") = "MvcApplication2.Tests", "MvcApplication2.Tests\MvcApplication2.Tests.csproj", "{818FDAEB-9270-40A8-8499-94E03C346FB1}"
EndProject
Global
	GlobalSection(SolutionConfigurationPlatforms) = preSolution
		Debug|Any CPU = Debug|Any CPU
		Release|Any CPU = Release|Any CPU
	EndGlobalSection
	GlobalSection(ProjectConfigurationPlatforms) = postSolution
		{5FAE24A1-8995-49BD-9202-46F9A1CB2107}.Debug|Any CPU.ActiveCfg = Debug|Any CPU
		{5FAE24A1-8995-49BD-9202-46F9A1CB2107}.Debug|Any CPU.Build.0 = Debug|Any CPU
		{5FAE24A1-8995-49BD-9202-46F9A1CB2107}.Release|Any CPU.ActiveCfg = Release|Any CPU
		{5FAE24A1-8995-49BD-9202-46F9A1CB2107}.Release|Any CPU.Build.0 = Release|Any CPU
		{818FDAEB-9270-40A8-8499-94E03C346FB1}.Debug|Any CPU.ActiveCfg = Debug|Any CPU
		{818FDAEB-9270-40A8-8499-94E03C346FB1}.Debug|Any CPU.Build.0 = Debug|Any CPU
		{818FDAEB-9270-40A8-8499-94E03C346FB1}.Release|Any CPU.ActiveCfg = Release|Any CPU
		{818FDAEB-9270-40A8-8499-94E03C346FB1}.Release|Any CPU.Build.0 = Release|Any CPU
	EndGlobalSection
	GlobalSection(SolutionProperties) = preSolution
		HideSolutionNode = FALSE
	EndGlobalSection
EndGlobal
